<?xml version="1.0" encoding="utf-8"?>
<Project ToolsVersion="4.0" xmlns="http://schemas.microsoft.com/developer/msbuild/2003">
  <ItemGroup>
    <ClCompile Include="src\Session.cpp" />
    <ClCompile Include="src\User.cpp" />
    <ClCompile Include="src/MainWindow.cpp" />
    <ClCompile Include="src/main.cpp" />
    <ClCompile Include="src\MyThread.cpp" />
  </ItemGroup>
  <ItemGroup>
    <ClInclude Include="src\User.hpp" />
    <ClInclude Include="src\Session.hpp" />
    <ClInclude Include="src\MyThread.hpp" />
  </ItemGroup>
  <ItemGroup>
    <QtMoc Include="src\MainWindow.hpp" />
  </ItemGroup>
  <ItemGroup>
    <QtRcc Include="src\MainWindow.qrc" />
  </ItemGroup>
  <ItemGroup>
    <QtUic Include="src\MainWindow.ui" />
  </ItemGroup>
  <ItemGroup>
    <None Include="intrebari.json" />
  </ItemGroup>
</Project>